
Microsoft Visual Studio Solution File, Format Version 12.00
# Visual Studio Version 17
VisualStudioVersion = 17.5.33516.290
MinimumVisualStudioVersion = 10.0.40219.1
Project("{FAE04EC0-301F-11D3-BF4B-00C04F79EFBC}") = "Amiibopedia.UWP", "Amiibopedia\Amiibopedia.UWP\Amiibopedia.UWP.csproj", "{6FFD4D37-0CCA-45B6-A268-5DFD0D97AE7E}"
EndProject
Project("{FAE04EC0-301F-11D3-BF4B-00C04F79EFBC}") = "Amiibopedia.Android", "Amiibopedia\Amiibopedia.Android\Amiibopedia.Android.csproj", "{E22D6B0D-2ADB-4205-970D-108F7775BD61}"
EndProject
Project("{FAE04EC0-301F-11D3-BF4B-00C04F79EFBC}") = "Amiibopedia.iOS", "Amiibopedia\Amiibopedia.iOS\Amiibopedia.iOS.csproj", "{F284EA68-B832-4B57-8A33-FFF5574C6ABB}"
EndProject
Project("{9A19103F-16F7-4668-BE54-9A1E7A4F7556}") = "Amiibopedia", "Amiibopedia\Amiibopedia\Amiibopedia.csproj", "{17333414-CA6E-480E-BD13-996EA06DAD3F}"
EndProject
Global
	GlobalSection(SolutionConfigurationPlatforms) = preSolution
		Debug|Any CPU = Debug|Any CPU
		Debug|ARM = Debug|ARM
		Debug|iPhone = Debug|iPhone
		Debug|iPhoneSimulator = Debug|iPhoneSimulator
		Debug|x64 = Debug|x64
		Debug|x86 = Debug|x86
		Release|Any CPU = Release|Any CPU
		Release|ARM = Release|ARM
		Release|iPhone = Release|iPhone
		Release|iPhoneSimulator = Release|iPhoneSimulator
		Release|x64 = Release|x64
		Release|x86 = Release|x86
	EndGlobalSection
	GlobalSection(ProjectConfigurationPlatforms) = postSolution
		{6FFD4D37-0CCA-45B6-A268-5DFD0D97AE7E}.Debug|Any CPU.ActiveCfg = Debug|x64
		{6FFD4D37-0CCA-45B6-A268-5DFD0D97AE7E}.Debug|Any CPU.Build.0 = Debug|x64
		{6FFD4D37-0CCA-45B6-A268-5DFD0D97AE7E}.Debug|Any CPU.Deploy.0 = Debug|x64
		{6FFD4D37-0CCA-45B6-A268-5DFD0D97AE7E}.Debug|ARM.ActiveCfg = Debug|ARM
		{6FFD4D37-0CCA-45B6-A268-5DFD0D97AE7E}.Debug|ARM.Build.0 = Debug|ARM
		{6FFD4D37-0CCA-45B6-A268-5DFD0D97AE7E}.Debug|ARM.Deploy.0 = Debug|ARM
		{6FFD4D37-0CCA-45B6-A268-5DFD0D97AE7E}.Debug|iPhone.ActiveCfg = Debug|x64
		{6FFD4D37-0CCA-45B6-A268-5DFD0D97AE7E}.Debug|iPhone.Build.0 = Debug|x64
		{6FFD4D37-0CCA-45B6-A268-5DFD0D97AE7E}.Debug|iPhone.Deploy.0 = Debug|x64
		{6FFD4D37-0CCA-45B6-A268-5DFD0D97AE7E}.Debug|iPhoneSimulator.ActiveCfg = Debug|x64
		{6FFD4D37-0CCA-45B6-A268-5DFD0D97AE7E}.Debug|iPhoneSimulator.Build.0 = Debug|x64
		{6FFD4D37-0CCA-45B6-A268-5DFD0D97AE7E}.Debug|iPhoneSimulator.Deploy.0 = Debug|x64
		{6FFD4D37-0CCA-45B6-A268-5DFD0D97AE7E}.Debug|x64.ActiveCfg = Debug|x64
		{6FFD4D37-0CCA-45B6-A268-5DFD0D97AE7E}.Debug|x64.Build.0 = Debug|x64
		{6FFD4D37-0CCA-45B6-A268-5DFD0D97AE7E}.Debug|x64.Deploy.0 = Debug|x64
		{6FFD4D37-0CCA-45B6-A268-5DFD0D97AE7E}.Debug|x86.ActiveCfg = Debug|x86
		{6FFD4D37-0CCA-45B6-A268-5DFD0D97AE7E}.Debug|x86.Build.0 = Debug|x86
		{6FFD4D37-0CCA-45B6-A268-5DFD0D97AE7E}.Debug|x86.Deploy.0 = Debug|x86
		{6FFD4D37-0CCA-45B6-A268-5DFD0D97AE7E}.Release|Any CPU.ActiveCfg = Release|x64
		{6FFD4D37-0CCA-45B6-A268-5DFD0D97AE7E}.Release|Any CPU.Build.0 = Release|x64
		{6FFD4D37-0CCA-45B6-A268-5DFD0D97AE7E}.Release|Any CPU.Deploy.0 = Release|x64
		{6FFD4D37-0CCA-45B6-A268-5DFD0D97AE7E}.Release|ARM.ActiveCfg = Release|ARM
		{6FFD4D37-0CCA-45B6-A268-5DFD0D97AE7E}.Release|ARM.Build.0 = Release|ARM
		{6FFD4D37-0CCA-45B6-A268-5DFD0D97AE7E}.Release|ARM.Deploy.0 = Release|ARM
		{6FFD4D37-0CCA-45B6-A268-5DFD0D97AE7E}.Release|iPhone.ActiveCfg = Release|x64
		{6FFD4D37-0CCA-45B6-A268-5DFD0D97AE7E}.Release|iPhone.Build.0 = Release|x64
		{6FFD4D37-0CCA-45B6-A268-5DFD0D97AE7E}.Release|iPhone.Deploy.0 = Release|x64
		{6FFD4D37-0CCA-45B6-A268-5DFD0D97AE7E}.Release|iPhoneSimulator.ActiveCfg = Release|x64
		{6FFD4D37-0CCA-45B6-A268-5DFD0D97AE7E}.Release|iPhoneSimulator.Build.0 = Release|x64
		{6FFD4D37-0CCA-45B6-A268-5DFD0D97AE7E}.Release|iPhoneSimulator.Deploy.0 = Release|x64
		{6FFD4D37-0CCA-45B6-A268-5DFD0D97AE7E}.Release|x64.ActiveCfg = Release|x64
		{6FFD4D37-0CCA-45B6-A268-5DFD0D97AE7E}.Release|x64.Build.0 = Release|x64
		{6FFD4D37-0CCA-45B6-A268-5DFD0D97AE7E}.Release|x64.Deploy.0 = Release|x64
		{6FFD4D37-0CCA-45B6-A268-5DFD0D97AE7E}.Release|x86.ActiveCfg = Release|x86
		{6FFD4D37-0CCA-45B6-A268-5DFD0D97AE7E}.Release|x86.Build.0 = Release|x86
		{6FFD4D37-0CCA-45B6-A268-5DFD0D97AE7E}.Release|x86.Deploy.0 = Release|x86
		{E22D6B0D-2ADB-4205-970D-108F7775BD61}.Debug|Any CPU.ActiveCfg = Debug|Any CPU
		{E22D6B0D-2ADB-4205-970D-108F7775BD61}.Debug|Any CPU.Build.0 = Debug|Any CPU
		{E22D6B0D-2ADB-4205-970D-108F7775BD61}.Debug|Any CPU.Deploy.0 = Debug|Any CPU
		{E22D6B0D-2ADB-4205-970D-108F7775BD61}.Debug|ARM.ActiveCfg = Debug|Any CPU
		{E22D6B0D-2ADB-4205-970D-108F7775BD61}.Debug|ARM.Build.0 = Debug|Any CPU
		{E22D6B0D-2ADB-4205-970D-108F7775BD61}.Debug|ARM.Deploy.0 = Debug|Any CPU
		{E22D6B0D-2ADB-4205-970D-108F7775BD61}.Debug|iPhone.ActiveCfg = Debug|Any CPU
		{E22D6B0D-2ADB-4205-970D-108F7775BD61}.Debug|iPhone.Build.0 = Debug|Any CPU
		{E22D6B0D-2ADB-4205-970D-108F7775BD61}.Debug|iPhone.Deploy.0 = Debug|Any CPU
		{E22D6B0D-2ADB-4205-970D-108F7775BD61}.Debug|iPhoneSimulator.ActiveCfg = Debug|Any CPU
		{E22D6B0D-2ADB-4205-970D-108F7775BD61}.Debug|iPhoneSimulator.Build.0 = Debug|Any CPU
		{E22D6B0D-2ADB-4205-970D-108F7775BD61}.Debug|iPhoneSimulator.Deploy.0 = Debug|Any CPU
		{E22D6B0D-2ADB-4205-970D-108F7775BD61}.Debug|x64.ActiveCfg = Debug|Any CPU
		{E22D6B0D-2ADB-4205-970D-108F7775BD61}.Debug|x64.Build.0 = Debug|Any CPU
		{E22D6B0D-2ADB-4205-970D-108F7775BD61}.Debug|x64.Deploy.0 = Debug|Any CPU
		{E22D6B0D-2ADB-4205-970D-108F7775BD61}.Debug|x86.ActiveCfg = Debug|Any CPU
		{E22D6B0D-2ADB-4205-970D-108F7775BD61}.Debug|x86.Build.0 = Debug|Any CPU
		{E22D6B0D-2ADB-4205-970D-108F7775BD61}.Debug|x86.Deploy.0 = Debug|Any CPU
		{E22D6B0D-2ADB-4205-970D-108F7775BD61}.Release|Any CPU.ActiveCfg = Release|Any CPU
		{E22D6B0D-2ADB-4205-970D-108F7775BD61}.Release|Any CPU.Build.0 = Release|Any CPU
		{E22D6B0D-2ADB-4205-970D-108F7775BD61}.Release|Any CPU.Deploy.0 = Release|Any CPU
		{E22D6B0D-2ADB-4205-970D-108F7775BD61}.Release|ARM.ActiveCfg = Release|Any CPU
		{E22D6B0D-2ADB-4205-970D-108F7775BD61}.Release|ARM.Build.0 = Release|Any CPU
		{E22D6B0D-2ADB-4205-970D-108F7775BD61}.Release|ARM.Deploy.0 = Release|Any CPU
		{E22D6B0D-2ADB-4205-970D-108F7775BD61}.Release|iPhone.ActiveCfg = Release|Any CPU
		{E22D6B0D-2ADB-4205-970D-108F7775BD61}.Release|iPhone.Build.0 = Release|Any CPU
		{E22D6B0D-2ADB-4205-970D-108F7775BD61}.Release|iPhone.Deploy.0 = Release|Any CPU
		{E22D6B0D-2ADB-4205-970D-108F7775BD61}.Release|iPhoneSimulator.ActiveCfg = Release|Any CPU
		{E22D6B0D-2ADB-4205-970D-108F7775BD61}.Release|iPhoneSimulator.Build.0 = Release|Any CPU
		{E22D6B0D-2ADB-4205-970D-108F7775BD61}.Release|iPhoneSimulator.Deploy.0 = Release|Any CPU
		{E22D6B0D-2ADB-4205-970D-108F7775BD61}.Release|x64.ActiveCfg = Release|Any CPU
		{E22D6B0D-2ADB-4205-970D-108F7775BD61}.Release|x64.Build.0 = Release|Any CPU
		{E22D6B0D-2ADB-4205-970D-108F7775BD61}.Release|x64.Deploy.0 = Release|Any CPU
		{E22D6B0D-2ADB-4205-970D-108F7775BD61}.Release|x86.ActiveCfg = Release|Any CPU
		{E22D6B0D-2ADB-4205-970D-108F7775BD61}.Release|x86.Build.0 = Release|Any CPU
		{E22D6B0D-2ADB-4205-970D-108F7775BD61}.Release|x86.Deploy.0 = Release|Any CPU
		{F284EA68-B832-4B57-8A33-FFF5574C6ABB}.Debug|Any CPU.ActiveCfg = Debug|iPhoneSimulator
		{F284EA68-B832-4B57-8A33-FFF5574C6ABB}.Debug|Any CPU.Build.0 = Debug|iPhoneSimulator
		{F284EA68-B832-4B57-8A33-FFF5574C6ABB}.Debug|Any CPU.Deploy.0 = Debug|iPhoneSimulator
		{F284EA68-B832-4B57-8A33-FFF5574C6ABB}.Debug|ARM.ActiveCfg = Debug|iPhoneSimulator
		{F284EA68-B832-4B57-8A33-FFF5574C6ABB}.Debug|ARM.Build.0 = Debug|iPhoneSimulator
		{F284EA68-B832-4B57-8A33-FFF5574C6ABB}.Debug|ARM.Deploy.0 = Debug|iPhoneSimulator
		{F284EA68-B832-4B57-8A33-FFF5574C6ABB}.Debug|iPhone.ActiveCfg = Debug|iPhone
		{F284EA68-B832-4B57-8A33-FFF5574C6ABB}.Debug|iPhone.Build.0 = Debug|iPhone
		{F284EA68-B832-4B57-8A33-FFF5574C6ABB}.Debug|iPhone.Deploy.0 = Debug|iPhone
		{F284EA68-B832-4B57-8A33-FFF5574C6ABB}.Debug|iPhoneSimulator.ActiveCfg = Debug|iPhoneSimulator
		{F284EA68-B832-4B57-8A33-FFF5574C6ABB}.Debug|iPhoneSimulator.Build.0 = Debug|iPhoneSimulator
		{F284EA68-B832-4B57-8A33-FFF5574C6ABB}.Debug|iPhoneSimulator.Deploy.0 = Debug|iPhoneSimulator
		{F284EA68-B832-4B57-8A33-FFF5574C6ABB}.Debug|x64.ActiveCfg = Debug|iPhone
		{F284EA68-B832-4B57-8A33-FFF5574C6ABB}.Debug|x64.Build.0 = Debug|iPhone
		{F284EA68-B832-4B57-8A33-FFF5574C6ABB}.Debug|x64.Deploy.0 = Debug|iPhone
		{F284EA68-B832-4B57-8A33-FFF5574C6ABB}.Debug|x86.ActiveCfg = Debug|iPhoneSimulator
		{F284EA68-B832-4B57-8A33-FFF5574C6ABB}.Debug|x86.Build.0 = Debug|iPhoneSimulator
		{F284EA68-B832-4B57-8A33-FFF5574C6ABB}.Debug|x86.Deploy.0 = Debug|iPhoneSimulator
		{F284EA68-B832-4B57-8A33-FFF5574C6ABB}.Release|Any CPU.ActiveCfg = Release|iPhoneSimulator
		{F284EA68-B832-4B57-8A33-FFF5574C6ABB}.Release|Any CPU.Build.0 = Release|iPhoneSimulator
		{F284EA68-B832-4B57-8A33-FFF5574C6ABB}.Release|Any CPU.Deploy.0 = Release|iPhoneSimulator
		{F284EA68-B832-4B57-8A33-FFF5574C6ABB}.Release|ARM.ActiveCfg = Release|iPhoneSimulator
		{F284EA68-B832-4B57-8A33-FFF5574C6ABB}.Release|ARM.Build.0 = Release|iPhoneSimulator
		{F284EA68-B832-4B57-8A33-FFF5574C6ABB}.Release|ARM.Deploy.0 = Release|iPhoneSimulator
		{F284EA68-B832-4B57-8A33-FFF5574C6ABB}.Release|iPhone.ActiveCfg = Release|iPhone
		{F284EA68-B832-4B57-8A33-FFF5574C6ABB}.Release|iPhone.Build.0 = Release|iPhone
		{F284EA68-B832-4B57-8A33-FFF5574C6ABB}.Release|iPhone.Deploy.0 = Release|iPhone
		{F284EA68-B832-4B57-8A33-FFF5574C6ABB}.Release|iPhoneSimulator.ActiveCfg = Release|iPhoneSimulator
		{F284EA68-B832-4B57-8A33-FFF5574C6ABB}.Release|iPhoneSimulator.Build.0 = Release|iPhoneSimulator
		{F284EA68-B832-4B57-8A33-FFF5574C6ABB}.Release|iPhoneSimulator.Deploy.0 = Release|iPhoneSimulator
		{F284EA68-B832-4B57-8A33-FFF5574C6ABB}.Release|x64.ActiveCfg = Release|iPhoneSimulator
		{F284EA68-B832-4B57-8A33-FFF5574C6ABB}.Release|x64.Build.0 = Release|iPhoneSimulator
		{F284EA68-B832-4B57-8A33-FFF5574C6ABB}.Release|x64.Deploy.0 = Release|iPhoneSimulator
		{F284EA68-B832-4B57-8A33-FFF5574C6ABB}.Release|x86.ActiveCfg = Release|iPhoneSimulator
		{F284EA68-B832-4B57-8A33-FFF5574C6ABB}.Release|x86.Build.0 = Release|iPhoneSimulator
		{F284EA68-B832-4B57-8A33-FFF5574C6ABB}.Release|x86.Deploy.0 = Release|iPhoneSimulator
		{17333414-CA6E-480E-BD13-996EA06DAD3F}.Debug|Any CPU.ActiveCfg = Debug|Any CPU
		{17333414-CA6E-480E-BD13-996EA06DAD3F}.Debug|Any CPU.Build.0 = Debug|Any CPU
		{17333414-CA6E-480E-BD13-996EA06DAD3F}.Debug|Any CPU.Deploy.0 = Debug|Any CPU
		{17333414-CA6E-480E-BD13-996EA06DAD3F}.Debug|ARM.ActiveCfg = Debug|Any CPU
		{17333414-CA6E-480E-BD13-996EA06DAD3F}.Debug|ARM.Build.0 = Debug|Any CPU
		{17333414-CA6E-480E-BD13-996EA06DAD3F}.Debug|ARM.Deploy.0 = Debug|Any CPU
		{17333414-CA6E-480E-BD13-996EA06DAD3F}.Debug|iPhone.ActiveCfg = Debug|Any CPU
		{17333414-CA6E-480E-BD13-996EA06DAD3F}.Debug|iPhone.Build.0 = Debug|Any CPU
		{17333414-CA6E-480E-BD13-996EA06DAD3F}.Debug|iPhone.Deploy.0 = Debug|Any CPU
		{17333414-CA6E-480E-BD13-996EA06DAD3F}.Debug|iPhoneSimulator.ActiveCfg = Debug|Any CPU
		{17333414-CA6E-480E-BD13-996EA06DAD3F}.Debug|iPhoneSimulator.Build.0 = Debug|Any CPU
		{17333414-CA6E-480E-BD13-996EA06DAD3F}.Debug|iPhoneSimulator.Deploy.0 = Debug|Any CPU
		{17333414-CA6E-480E-BD13-996EA06DAD3F}.Debug|x64.ActiveCfg = Debug|Any CPU
		{17333414-CA6E-480E-BD13-996EA06DAD3F}.Debug|x64.Build.0 = Debug|Any CPU
		{17333414-CA6E-480E-BD13-996EA06DAD3F}.Debug|x64.Deploy.0 = Debug|Any CPU
		{17333414-CA6E-480E-BD13-996EA06DAD3F}.Debug|x86.ActiveCfg = Debug|Any CPU
		{17333414-CA6E-480E-BD13-996EA06DAD3F}.Debug|x86.Build.0 = Debug|Any CPU
		{17333414-CA6E-480E-BD13-996EA06DAD3F}.Debug|x86.Deploy.0 = Debug|Any CPU
		{17333414-CA6E-480E-BD13-996EA06DAD3F}.Release|Any CPU.ActiveCfg = Release|Any CPU
		{17333414-CA6E-480E-BD13-996EA06DAD3F}.Release|Any CPU.Build.0 = Release|Any CPU
		{17333414-CA6E-480E-BD13-996EA06DAD3F}.Release|Any CPU.Deploy.0 = Release|Any CPU
		{17333414-CA6E-480E-BD13-996EA06DAD3F}.Release|ARM.ActiveCfg = Release|Any CPU
		{17333414-CA6E-480E-BD13-996EA06DAD3F}.Release|ARM.Build.0 = Release|Any CPU
		{17333414-CA6E-480E-BD13-996EA06DAD3F}.Release|ARM.Deploy.0 = Release|Any CPU
		{17333414-CA6E-480E-BD13-996EA06DAD3F}.Release|iPhone.ActiveCfg = Release|Any CPU
		{17333414-CA6E-480E-BD13-996EA06DAD3F}.Release|iPhone.Build.0 = Release|Any CPU
		{17333414-CA6E-480E-BD13-996EA06DAD3F}.Release|iPhone.Deploy.0 = Release|Any CPU
		{17333414-CA6E-480E-BD13-996EA06DAD3F}.Release|iPhoneSimulator.ActiveCfg = Release|Any CPU
		{17333414-CA6E-480E-BD13-996EA06DAD3F}.Release|iPhoneSimulator.Build.0 = Release|Any CPU
		{17333414-CA6E-480E-BD13-996EA06DAD3F}.Release|iPhoneSimulator.Deploy.0 = Release|Any CPU
		{17333414-CA6E-480E-BD13-996EA06DAD3F}.Release|x64.ActiveCfg = Release|Any CPU
		{17333414-CA6E-480E-BD13-996EA06DAD3F}.Release|x64.Build.0 = Release|Any CPU
		{17333414-CA6E-480E-BD13-996EA06DAD3F}.Release|x64.Deploy.0 = Release|Any CPU
		{17333414-CA6E-480E-BD13-996EA06DAD3F}.Release|x86.ActiveCfg = Release|Any CPU
		{17333414-CA6E-480E-BD13-996EA06DAD3F}.Release|x86.Build.0 = Release|Any CPU
		{17333414-CA6E-480E-BD13-996EA06DAD3F}.Release|x86.Deploy.0 = Release|Any CPU
	EndGlobalSection
	GlobalSection(SolutionProperties) = preSolution
		HideSolutionNode = FALSE
	EndGlobalSection
	GlobalSection(ExtensibilityGlobals) = postSolution
		SolutionGuid = {5740C4F5-8A5F-4A95-B542-B831721DE99B}
	EndGlobalSection
EndGlobal
